
Microsoft Visual Studio Solution File, Format Version 12.00
# Visual Studio 15
Project("{FAE04EC0-301F-11D3-BF4B-00C04F79EFBC}") = "Unity.XR.PICO", "Unity.XR.PICO.csproj", "{EF4AB0DE-A07A-58D0-7CFF-43D55AC67B2D}"
EndProject
Project("{FAE04EC0-301F-11D3-BF4B-00C04F79EFBC}") = "Assembly-CSharp", "Assembly-CSharp.csproj", "{ECFFC78B-8704-ABDF-D097-4B41838A120C}"
EndProject
Project("{FAE04EC0-301F-11D3-BF4B-00C04F79EFBC}") = "Pico.Platform", "Pico.Platform.csproj", "{0E66A616-EFEA-F7D4-88D2-087455B85CD6}"
EndProject
Project("{FAE04EC0-301F-11D3-BF4B-00C04F79EFBC}") = "Pico.Spatializer.Example", "Pico.Spatializer.Example.csproj", "{5046996A-F48A-C7EE-2CD0-EBCDE831567B}"
EndProject
Project("{FAE04EC0-301F-11D3-BF4B-00C04F79EFBC}") = "Pico.Spatializer", "Pico.Spatializer.csproj", "{F68D842D-7EB1-1040-9C05-E728DD20E903}"
EndProject
Project("{FAE04EC0-301F-11D3-BF4B-00C04F79EFBC}") = "Unity.XR.PICO.Editor", "Unity.XR.PICO.Editor.csproj", "{E0792A97-E514-AAC1-BA64-1340AB8D65E1}"
EndProject
Project("{FAE04EC0-301F-11D3-BF4B-00C04F79EFBC}") = "Pico.Spatializer.Editor", "Pico.Spatializer.Editor.csproj", "{852F7145-6EF9-61D3-1ADC-C8E69D3EC0F7}"
EndProject
Global
	GlobalSection(SolutionConfigurationPlatforms) = preSolution
		Debug|Any CPU = Debug|Any CPU
		Release|Any CPU = Release|Any CPU
	EndGlobalSection
	GlobalSection(ProjectConfigurationPlatforms) = postSolution
		{EF4AB0DE-A07A-58D0-7CFF-43D55AC67B2D}.Debug|Any CPU.ActiveCfg = Debug|Any CPU
		{EF4AB0DE-A07A-58D0-7CFF-43D55AC67B2D}.Debug|Any CPU.Build.0 = Debug|Any CPU
		{EF4AB0DE-A07A-58D0-7CFF-43D55AC67B2D}.Release|Any CPU.ActiveCfg = Release|Any CPU
		{EF4AB0DE-A07A-58D0-7CFF-43D55AC67B2D}.Release|Any CPU.Build.0 = Release|Any CPU
		{ECFFC78B-8704-ABDF-D097-4B41838A120C}.Debug|Any CPU.ActiveCfg = Debug|Any CPU
		{ECFFC78B-8704-ABDF-D097-4B41838A120C}.Debug|Any CPU.Build.0 = Debug|Any CPU
		{ECFFC78B-8704-ABDF-D097-4B41838A120C}.Release|Any CPU.ActiveCfg = Release|Any CPU
		{ECFFC78B-8704-ABDF-D097-4B41838A120C}.Release|Any CPU.Build.0 = Release|Any CPU
		{0E66A616-EFEA-F7D4-88D2-087455B85CD6}.Debug|Any CPU.ActiveCfg = Debug|Any CPU
		{0E66A616-EFEA-F7D4-88D2-087455B85CD6}.Debug|Any CPU.Build.0 = Debug|Any CPU
		{0E66A616-EFEA-F7D4-88D2-087455B85CD6}.Release|Any CPU.ActiveCfg = Release|Any CPU
		{0E66A616-EFEA-F7D4-88D2-087455B85CD6}.Release|Any CPU.Build.0 = Release|Any CPU
		{5046996A-F48A-C7EE-2CD0-EBCDE831567B}.Debug|Any CPU.ActiveCfg = Debug|Any CPU
		{5046996A-F48A-C7EE-2CD0-EBCDE831567B}.Debug|Any CPU.Build.0 = Debug|Any CPU
		{5046996A-F48A-C7EE-2CD0-EBCDE831567B}.Release|Any CPU.ActiveCfg = Release|Any CPU
		{5046996A-F48A-C7EE-2CD0-EBCDE831567B}.Release|Any CPU.Build.0 = Release|Any CPU
		{F68D842D-7EB1-1040-9C05-E728DD20E903}.Debug|Any CPU.ActiveCfg = Debug|Any CPU
		{F68D842D-7EB1-1040-9C05-E728DD20E903}.Debug|Any CPU.Build.0 = Debug|Any CPU
		{F68D842D-7EB1-1040-9C05-E728DD20E903}.Release|Any CPU.ActiveCfg = Release|Any CPU
		{F68D842D-7EB1-1040-9C05-E728DD20E903}.Release|Any CPU.Build.0 = Release|Any CPU
		{E0792A97-E514-AAC1-BA64-1340AB8D65E1}.Debug|Any CPU.ActiveCfg = Debug|Any CPU
		{E0792A97-E514-AAC1-BA64-1340AB8D65E1}.Debug|Any CPU.Build.0 = Debug|Any CPU
		{E0792A97-E514-AAC1-BA64-1340AB8D65E1}.Release|Any CPU.ActiveCfg = Release|Any CPU
		{E0792A97-E514-AAC1-BA64-1340AB8D65E1}.Release|Any CPU.Build.0 = Release|Any CPU
		{852F7145-6EF9-61D3-1ADC-C8E69D3EC0F7}.Debug|Any CPU.ActiveCfg = Debug|Any CPU
		{852F7145-6EF9-61D3-1ADC-C8E69D3EC0F7}.Debug|Any CPU.Build.0 = Debug|Any CPU
		{852F7145-6EF9-61D3-1ADC-C8E69D3EC0F7}.Release|Any CPU.ActiveCfg = Release|Any CPU
		{852F7145-6EF9-61D3-1ADC-C8E69D3EC0F7}.Release|Any CPU.Build.0 = Release|Any CPU
	EndGlobalSection
	GlobalSection(SolutionProperties) = preSolution
		HideSolutionNode = FALSE
	EndGlobalSection
EndGlobal
